// !$*UTF8*$!
{
	archiveVersion = 1;
	classes = {
	};
	objectVersion = 60;
	objects = {

/* Begin PBXBuildFile section */
		A10000000000000000000001 /* OverParApp.swift in Sources */ = {isa = PBXBuildFile; fileRef = A20000000000000000000001 /* OverParApp.swift */; };
		A10000000000000000000002 /* Models.swift in Sources */ = {isa = PBXBuildFile; fileRef = A20000000000000000000002 /* Models.swift */; };
		A10000000000000000000003 /* AppStore.swift in Sources */ = {isa = PBXBuildFile; fileRef = A20000000000000000000003 /* AppStore.swift */; };
		A10000000000000000000004 /* DesignSystem.swift in Sources */ = {isa = PBXBuildFile; fileRef = A20000000000000000000004 /* DesignSystem.swift */; };
		A10000000000000000000005 /* LocationService.swift in Sources */ = {isa = PBXBuildFile; fileRef = A20000000000000000000005 /* LocationService.swift */; };
		A10000000000000000000006 /* OnboardingView.swift in Sources */ = {isa = PBXBuildFile; fileRef = A20000000000000000000006 /* OnboardingView.swift */; };
		A10000000000000000000007 /* MainTabView.swift in Sources */ = {isa = PBXBuildFile; fileRef = A20000000000000000000007 /* MainTabView.swift */; };
		A10000000000000000000008 /* CourseViews.swift in Sources */ = {isa = PBXBuildFile; fileRef = A20000000000000000000008 /* CourseViews.swift */; };
		A10000000000000000000009 /* RoundViews.swift in Sources */ = {isa = PBXBuildFile; fileRef = A20000000000000000000009 /* RoundViews.swift */; };
		A1000000000000000000000A /* RangeProfileViews.swift in Sources */ = {isa = PBXBuildFile; fileRef = A2000000000000000000000A /* RangeProfileViews.swift */; };
		A1000000000000000000000B /* Assets.xcassets in Resources */ = {isa = PBXBuildFile; fileRef = A2000000000000000000000D /* Assets.xcassets */; };
		A1000000000000000000000C /* PrivacyInfo.xcprivacy in Resources */ = {isa = PBXBuildFile; fileRef = A2000000000000000000000E /* PrivacyInfo.xcprivacy */; };
		A1000000000000000000000D /* GoogleMaps in Frameworks */ = {isa = PBXBuildFile; productRef = AB0000000000000000000002 /* GoogleMaps */; };
		AC10000000000000000000001 /* WatchRoundSync.swift in Sources */ = {isa = PBXBuildFile; fileRef = AC20000000000000000000001 /* WatchRoundSync.swift */; };
		AC10000000000000000000002 /* OverParWatchApp.swift in Sources */ = {isa = PBXBuildFile; fileRef = AC20000000000000000000002 /* OverParWatchApp.swift */; };
		AC10000000000000000000003 /* WatchRoundService.swift in Sources */ = {isa = PBXBuildFile; fileRef = AC20000000000000000000003 /* WatchRoundService.swift */; };
		AC10000000000000000000004 /* WatchDistanceView.swift in Sources */ = {isa = PBXBuildFile; fileRef = AC20000000000000000000004 /* WatchDistanceView.swift */; };
		AC10000000000000000000005 /* OverPar Watch App.app in Embed Watch Content */ = {isa = PBXBuildFile; fileRef = AC20000000000000000000006 /* OverPar Watch App.app */; settings = {ATTRIBUTES = (RemoveHeadersOnCopy, ); }; };
/* End PBXBuildFile section */

/* Begin PBXContainerItemProxy section */
		AC0100000000000000000001 /* PBXContainerItemProxy */ = {
			isa = PBXContainerItemProxy;
			containerPortal = A60000000000000000000001 /* Project object */;
			proxyType = 1;
			remoteGlobalIDString = AC50000000000000000000001;
			remoteInfo = "OverPar Watch App";
		};
/* End PBXContainerItemProxy section */

/* Begin PBXFileReference section */
		A20000000000000000000001 /* OverParApp.swift */ = {isa = PBXFileReference; lastKnownFileType = sourcecode.swift; path = OverParApp.swift; sourceTree = "<group>"; };
		A20000000000000000000002 /* Models.swift */ = {isa = PBXFileReference; lastKnownFileType = sourcecode.swift; path = Models.swift; sourceTree = "<group>"; };
		A20000000000000000000003 /* AppStore.swift */ = {isa = PBXFileReference; lastKnownFileType = sourcecode.swift; path = AppStore.swift; sourceTree = "<group>"; };
		A20000000000000000000004 /* DesignSystem.swift */ = {isa = PBXFileReference; lastKnownFileType = sourcecode.swift; path = DesignSystem.swift; sourceTree = "<group>"; };
		A20000000000000000000005 /* LocationService.swift */ = {isa = PBXFileReference; lastKnownFileType = sourcecode.swift; path = LocationService.swift; sourceTree = "<group>"; };
		A20000000000000000000006 /* OnboardingView.swift */ = {isa = PBXFileReference; lastKnownFileType = sourcecode.swift; path = OnboardingView.swift; sourceTree = "<group>"; };
		A20000000000000000000007 /* MainTabView.swift */ = {isa = PBXFileReference; lastKnownFileType = sourcecode.swift; path = MainTabView.swift; sourceTree = "<group>"; };
		A20000000000000000000008 /* CourseViews.swift */ = {isa = PBXFileReference; lastKnownFileType = sourcecode.swift; path = CourseViews.swift; sourceTree = "<group>"; };
		A20000000000000000000009 /* RoundViews.swift */ = {isa = PBXFileReference; lastKnownFileType = sourcecode.swift; path = RoundViews.swift; sourceTree = "<group>"; };
		A2000000000000000000000A /* RangeProfileViews.swift */ = {isa = PBXFileReference; lastKnownFileType = sourcecode.swift; path = RangeProfileViews.swift; sourceTree = "<group>"; };
		A2000000000000000000000B /* Info.plist */ = {isa = PBXFileReference; lastKnownFileType = text.plist.xml; path = Info.plist; sourceTree = "<group>"; };
		A2000000000000000000000C /* OverPar.entitlements */ = {isa = PBXFileReference; lastKnownFileType = text.plist.entitlements; path = OverPar.entitlements; sourceTree = "<group>"; };
		A2000000000000000000000D /* Assets.xcassets */ = {isa = PBXFileReference; lastKnownFileType = folder.assetcatalog; path = Assets.xcassets; sourceTree = "<group>"; };
		A2000000000000000000000E /* PrivacyInfo.xcprivacy */ = {isa = PBXFileReference; lastKnownFileType = text.xml; path = PrivacyInfo.xcprivacy; sourceTree = "<group>"; };
		A2000000000000000000000F /* OverPar.app */ = {isa = PBXFileReference; explicitFileType = wrapper.application; includeInIndex = 0; path = OverPar.app; sourceTree = BUILT_PRODUCTS_DIR; };
		A20000000000000000000010 /* ShippingConfiguration.xcconfig */ = {isa = PBXFileReference; lastKnownFileType = text.xcconfig; path = ShippingConfiguration.xcconfig; sourceTree = "<group>"; };
		AC20000000000000000000001 /* WatchRoundSync.swift */ = {isa = PBXFileReference; lastKnownFileType = sourcecode.swift; path = WatchRoundSync.swift; sourceTree = "<group>"; };
		AC20000000000000000000002 /* OverParWatchApp.swift */ = {isa = PBXFileReference; lastKnownFileType = sourcecode.swift; path = OverParWatchApp.swift; sourceTree = "<group>"; };
		AC20000000000000000000003 /* WatchRoundService.swift */ = {isa = PBXFileReference; lastKnownFileType = sourcecode.swift; path = WatchRoundService.swift; sourceTree = "<group>"; };
		AC20000000000000000000004 /* WatchDistanceView.swift */ = {isa = PBXFileReference; lastKnownFileType = sourcecode.swift; path = WatchDistanceView.swift; sourceTree = "<group>"; };
		AC20000000000000000000005 /* Info.plist */ = {isa = PBXFileReference; lastKnownFileType = text.plist.xml; path = Info.plist; sourceTree = "<group>"; };
		AC20000000000000000000006 /* OverPar Watch App.app */ = {isa = PBXFileReference; explicitFileType = wrapper.application; includeInIndex = 0; path = "OverPar Watch App.app"; sourceTree = BUILT_PRODUCTS_DIR; };
/* End PBXFileReference section */

/* Begin PBXFrameworksBuildPhase section */
		A30000000000000000000001 /* Frameworks */ = {
			isa = PBXFrameworksBuildPhase;
			buildActionMask = 2147483647;
			files = (
				A1000000000000000000000D /* GoogleMaps in Frameworks */,
			);
			runOnlyForDeploymentPostprocessing = 0;
		};
		AC30000000000000000000001 /* Frameworks */ = {isa = PBXFrameworksBuildPhase; buildActionMask = 2147483647; files = (); runOnlyForDeploymentPostprocessing = 0; };
/* End PBXFrameworksBuildPhase section */

/* Begin PBXGroup section */
		A40000000000000000000001 = {
			isa = PBXGroup;
			children = (
				A40000000000000000000002 /* OverPar */,
				AC40000000000000000000001 /* OverParWatch */,
				A40000000000000000000003 /* Products */,
			);
			sourceTree = "<group>";
		};
		A40000000000000000000002 /* OverPar */ = {
			isa = PBXGroup;
			children = (
				A20000000000000000000001 /* OverParApp.swift */,
				A20000000000000000000002 /* Models.swift */,
				A20000000000000000000003 /* AppStore.swift */,
				A20000000000000000000004 /* DesignSystem.swift */,
				A20000000000000000000005 /* LocationService.swift */,
				A20000000000000000000006 /* OnboardingView.swift */,
				A20000000000000000000007 /* MainTabView.swift */,
				A20000000000000000000008 /* CourseViews.swift */,
				A20000000000000000000009 /* RoundViews.swift */,
				A2000000000000000000000A /* RangeProfileViews.swift */,
				A2000000000000000000000D /* Assets.xcassets */,
				A2000000000000000000000E /* PrivacyInfo.xcprivacy */,
				A2000000000000000000000B /* Info.plist */,
				A2000000000000000000000C /* OverPar.entitlements */,
				A20000000000000000000010 /* ShippingConfiguration.xcconfig */,
				AC20000000000000000000001 /* WatchRoundSync.swift */,
			);
			path = OverPar;
			sourceTree = "<group>";
		};
		AC40000000000000000000001 /* OverParWatch */ = {
			isa = PBXGroup;
			children = (AC20000000000000000000002, AC20000000000000000000003, AC20000000000000000000004, AC20000000000000000000005, );
			path = OverParWatch;
			sourceTree = "<group>";
		};
		A40000000000000000000003 /* Products */ = {
			isa = PBXGroup;
			children = (
				A2000000000000000000000F /* OverPar.app */,
				AC20000000000000000000006 /* OverPar Watch App.app */,
			);
			name = Products;
			sourceTree = "<group>";
		};
/* End PBXGroup section */

/* Begin PBXNativeTarget section */
		A50000000000000000000001 /* OverPar */ = {
			isa = PBXNativeTarget;
			buildConfigurationList = A90000000000000000000002 /* Build configuration list for PBXNativeTarget "OverPar" */;
			buildPhases = (
				A70000000000000000000001 /* Sources */,
				A30000000000000000000001 /* Frameworks */,
				A70000000000000000000002 /* Resources */,
				AC70000000000000000000003 /* Embed Watch Content */,
			);
			buildRules = (
			);
			dependencies = (
				AC0100000000000000000002 /* PBXTargetDependency */,
			);
			name = OverPar;
			packageProductDependencies = (
				AB0000000000000000000002 /* GoogleMaps */,
			);
			productName = OverPar;
			productReference = A2000000000000000000000F /* OverPar.app */;
			productType = "com.apple.product-type.application";
		};
		AC50000000000000000000001 /* OverPar Watch App */ = {
			isa = PBXNativeTarget;
			buildConfigurationList = AC90000000000000000000001;
			buildPhases = (AC70000000000000000000001, AC30000000000000000000001, AC70000000000000000000002, );
			buildRules = ();
			dependencies = ();
			name = "OverPar Watch App";
			packageProductDependencies = ();
			productName = "OverPar Watch App";
			productReference = AC20000000000000000000006;
			productType = "com.apple.product-type.application";
		};
/* End PBXNativeTarget section */

/* Begin PBXProject section */
		A60000000000000000000001 /* Project object */ = {
			isa = PBXProject;
			attributes = {
				BuildIndependentTargetsInParallel = 1;
				LastSwiftUpdateCheck = 1600;
				LastUpgradeCheck = 1600;
				TargetAttributes = {
					A50000000000000000000001 = {
						CreatedOnToolsVersion = 16.0;
					};
					AC50000000000000000000001 = { CreatedOnToolsVersion = 16.0; };
				};
			};
			buildConfigurationList = A90000000000000000000001 /* Build configuration list for PBXProject "OverPar" */;
			compatibilityVersion = "Xcode 15.0";
			developmentRegion = en;
			hasScannedForEncodings = 0;
			knownRegions = (
				en,
				Base,
			);
			mainGroup = A40000000000000000000001;
			packageReferences = (
				AB0000000000000000000001 /* XCRemoteSwiftPackageReference "ios-maps-sdk" */,
			);
			productRefGroup = A40000000000000000000003 /* Products */;
			projectDirPath = "";
			projectRoot = "";
			targets = (
				A50000000000000000000001 /* OverPar */,
				AC50000000000000000000001 /* OverPar Watch App */,
			);
		};
/* End PBXProject section */

/* Begin PBXResourcesBuildPhase section */
		A70000000000000000000002 /* Resources */ = {
			isa = PBXResourcesBuildPhase;
			buildActionMask = 2147483647;
			files = (
				A1000000000000000000000B /* Assets.xcassets in Resources */,
				A1000000000000000000000C /* PrivacyInfo.xcprivacy in Resources */,
			);
			runOnlyForDeploymentPostprocessing = 0;
		};
		AC70000000000000000000002 /* Resources */ = {isa = PBXResourcesBuildPhase; buildActionMask = 2147483647; files = (); runOnlyForDeploymentPostprocessing = 0; };
		AC70000000000000000000003 /* Embed Watch Content */ = {isa = PBXCopyFilesBuildPhase; buildActionMask = 2147483647; dstPath = "$(CONTENTS_FOLDER_PATH)/Watch"; dstSubfolderSpec = 16; files = (AC10000000000000000000005, ); name = "Embed Watch Content"; runOnlyForDeploymentPostprocessing = 0; };
/* End PBXResourcesBuildPhase section */

/* Begin PBXSourcesBuildPhase section */
		A70000000000000000000001 /* Sources */ = {
			isa = PBXSourcesBuildPhase;
			buildActionMask = 2147483647;
			files = (
				A10000000000000000000001 /* OverParApp.swift in Sources */,
				A10000000000000000000002 /* Models.swift in Sources */,
				A10000000000000000000003 /* AppStore.swift in Sources */,
				A10000000000000000000004 /* DesignSystem.swift in Sources */,
				A10000000000000000000005 /* LocationService.swift in Sources */,
				A10000000000000000000006 /* OnboardingView.swift in Sources */,
				A10000000000000000000007 /* MainTabView.swift in Sources */,
				A10000000000000000000008 /* CourseViews.swift in Sources */,
				A10000000000000000000009 /* RoundViews.swift in Sources */,
				A1000000000000000000000A /* RangeProfileViews.swift in Sources */,
				AC10000000000000000000001 /* WatchRoundSync.swift in Sources */,
			);
			runOnlyForDeploymentPostprocessing = 0;
		};
		AC70000000000000000000001 /* Sources */ = {isa = PBXSourcesBuildPhase; buildActionMask = 2147483647; files = (AC10000000000000000000002, AC10000000000000000000003, AC10000000000000000000004, ); runOnlyForDeploymentPostprocessing = 0; };
/* End PBXSourcesBuildPhase section */

/* Begin PBXTargetDependency section */
		AC0100000000000000000002 /* PBXTargetDependency */ = {
			isa = PBXTargetDependency;
			target = AC50000000000000000000001 /* OverPar Watch App */;
			targetProxy = AC0100000000000000000001 /* PBXContainerItemProxy */;
		};
/* End PBXTargetDependency section */

/* Begin XCBuildConfiguration section */
		A80000000000000000000001 /* Debug */ = {
			isa = XCBuildConfiguration;
			buildSettings = {
				ALWAYS_SEARCH_USER_PATHS = NO;
				CLANG_ANALYZER_NONNULL = YES;
				CLANG_ANALYZER_NUMBER_OBJECT_CONVERSION = YES_AGGRESSIVE;
				CLANG_CXX_LANGUAGE_STANDARD = "gnu++20";
				CLANG_ENABLE_MODULES = YES;
				CLANG_ENABLE_OBJC_ARC = YES;
				CLANG_WARN_DOCUMENTATION_COMMENTS = YES;
				CLANG_WARN_QUOTED_INCLUDE_IN_FRAMEWORK_HEADER = YES;
				ENABLE_STRICT_OBJC_MSGSEND = YES;
				GCC_C_LANGUAGE_STANDARD = gnu17;
				IPHONEOS_DEPLOYMENT_TARGET = 17.0;
				MTL_ENABLE_DEBUG_INFO = INCLUDE_SOURCE;
				ONLY_ACTIVE_ARCH = YES;
				SDKROOT = iphoneos;
				SWIFT_ACTIVE_COMPILATION_CONDITIONS = "DEBUG $(inherited)";
				SWIFT_OPTIMIZATION_LEVEL = "-Onone";
			};
			name = Debug;
		};
		A80000000000000000000002 /* Release */ = {
			isa = XCBuildConfiguration;
			buildSettings = {
				ALWAYS_SEARCH_USER_PATHS = NO;
				CLANG_ANALYZER_NONNULL = YES;
				CLANG_ENABLE_MODULES = YES;
				CLANG_ENABLE_OBJC_ARC = YES;
				ENABLE_NS_ASSERTIONS = NO;
				GCC_C_LANGUAGE_STANDARD = gnu17;
				IPHONEOS_DEPLOYMENT_TARGET = 17.0;
				MTL_ENABLE_DEBUG_INFO = NO;
				SDKROOT = iphoneos;
				SWIFT_COMPILATION_MODE = wholemodule;
				SWIFT_OPTIMIZATION_LEVEL = "-O";
				VALIDATE_PRODUCT = YES;
			};
			name = Release;
		};
		A80000000000000000000003 /* Debug */ = {
			isa = XCBuildConfiguration;
			baseConfigurationReference = A20000000000000000000010 /* ShippingConfiguration.xcconfig */;
			buildSettings = {
				ASSETCATALOG_COMPILER_APPICON_NAME = AppIcon;
				ASSETCATALOG_COMPILER_GLOBAL_ACCENT_COLOR_NAME = AccentColor;
				CODE_SIGN_ENTITLEMENTS = OverPar/OverPar.entitlements;
				CODE_SIGN_STYLE = Automatic;
				CURRENT_PROJECT_VERSION = 17;
				DEVELOPMENT_TEAM = YSFC9459UY;
				GENERATE_INFOPLIST_FILE = NO;
				INFOPLIST_FILE = OverPar/Info.plist;
				LD_RUNPATH_SEARCH_PATHS = (
					"$(inherited)",
					"@executable_path/Frameworks",
				);
				MARKETING_VERSION = 1.0.0;
				PRODUCT_BUNDLE_IDENTIFIER = "$(OVERPAR_BUNDLE_IDENTIFIER)";
				PRODUCT_NAME = "$(TARGET_NAME)";
				SUPPORTED_PLATFORMS = "iphoneos iphonesimulator";
				SUPPORTS_MACCATALYST = NO;
				SWIFT_EMIT_LOC_STRINGS = YES;
				SWIFT_VERSION = 5.0;
				TARGETED_DEVICE_FAMILY = 1;
			};
			name = Debug;
		};
		A80000000000000000000004 /* Release */ = {
			isa = XCBuildConfiguration;
			baseConfigurationReference = A20000000000000000000010 /* ShippingConfiguration.xcconfig */;
			buildSettings = {
				ASSETCATALOG_COMPILER_APPICON_NAME = AppIcon;
				ASSETCATALOG_COMPILER_GLOBAL_ACCENT_COLOR_NAME = AccentColor;
				CODE_SIGN_ENTITLEMENTS = OverPar/OverPar.entitlements;
				CODE_SIGN_STYLE = Automatic;
				CURRENT_PROJECT_VERSION = 17;
				DEVELOPMENT_TEAM = YSFC9459UY;
				GENERATE_INFOPLIST_FILE = NO;
				INFOPLIST_FILE = OverPar/Info.plist;
				LD_RUNPATH_SEARCH_PATHS = (
					"$(inherited)",
					"@executable_path/Frameworks",
				);
				MARKETING_VERSION = 1.0.0;
				PRODUCT_BUNDLE_IDENTIFIER = "$(OVERPAR_BUNDLE_IDENTIFIER)";
				PRODUCT_NAME = "$(TARGET_NAME)";
				SUPPORTED_PLATFORMS = "iphoneos iphonesimulator";
				SUPPORTS_MACCATALYST = NO;
				SWIFT_EMIT_LOC_STRINGS = YES;
				SWIFT_VERSION = 5.0;
				TARGETED_DEVICE_FAMILY = 1;
			};
			name = Release;
		};
		AC80000000000000000000001 /* Debug */ = {isa = XCBuildConfiguration; baseConfigurationReference = A20000000000000000000010 /* ShippingConfiguration.xcconfig */; buildSettings = {CODE_SIGN_STYLE = Automatic; CURRENT_PROJECT_VERSION = 17; DEVELOPMENT_TEAM = YSFC9459UY; GENERATE_INFOPLIST_FILE = NO; INFOPLIST_FILE = OverParWatch/Info.plist; MARKETING_VERSION = 1.0.0; PRODUCT_BUNDLE_IDENTIFIER = "$(OVERPAR_BUNDLE_IDENTIFIER).watchkitapp"; PRODUCT_NAME = "$(TARGET_NAME)"; SDKROOT = watchos; SKIP_INSTALL = YES; SUPPORTED_PLATFORMS = "watchos watchsimulator"; SWIFT_EMIT_LOC_STRINGS = YES; SWIFT_VERSION = 5.0; TARGETED_DEVICE_FAMILY = 4; WATCHOS_DEPLOYMENT_TARGET = 10.0; }; name = Debug; };
		AC80000000000000000000002 /* Release */ = {isa = XCBuildConfiguration; baseConfigurationReference = A20000000000000000000010 /* ShippingConfiguration.xcconfig */; buildSettings = {CODE_SIGN_STYLE = Automatic; CURRENT_PROJECT_VERSION = 17; DEVELOPMENT_TEAM = YSFC9459UY; GENERATE_INFOPLIST_FILE = NO; INFOPLIST_FILE = OverParWatch/Info.plist; MARKETING_VERSION = 1.0.0; PRODUCT_BUNDLE_IDENTIFIER = "$(OVERPAR_BUNDLE_IDENTIFIER).watchkitapp"; PRODUCT_NAME = "$(TARGET_NAME)"; SDKROOT = watchos; SKIP_INSTALL = YES; SUPPORTED_PLATFORMS = "watchos watchsimulator"; SWIFT_EMIT_LOC_STRINGS = YES; SWIFT_VERSION = 5.0; TARGETED_DEVICE_FAMILY = 4; VALIDATE_PRODUCT = YES; WATCHOS_DEPLOYMENT_TARGET = 10.0; }; name = Release; };
/* End XCBuildConfiguration section */

/* Begin XCConfigurationList section */
		A90000000000000000000001 /* Build configuration list for PBXProject "OverPar" */ = {
			isa = XCConfigurationList;
			buildConfigurations = (
				A80000000000000000000001 /* Debug */,
				A80000000000000000000002 /* Release */,
			);
			defaultConfigurationIsVisible = 0;
			defaultConfigurationName = Release;
		};
		A90000000000000000000002 /* Build configuration list for PBXNativeTarget "OverPar" */ = {
			isa = XCConfigurationList;
			buildConfigurations = (
				A80000000000000000000003 /* Debug */,
				A80000000000000000000004 /* Release */,
			);
			defaultConfigurationIsVisible = 0;
			defaultConfigurationName = Release;
		};
		AC90000000000000000000001 = {isa = XCConfigurationList; buildConfigurations = (AC80000000000000000000001, AC80000000000000000000002, ); defaultConfigurationIsVisible = 0; defaultConfigurationName = Release; };
/* End XCConfigurationList section */

/* Begin XCRemoteSwiftPackageReference section */
		AB0000000000000000000001 /* XCRemoteSwiftPackageReference "ios-maps-sdk" */ = {
			isa = XCRemoteSwiftPackageReference;
			repositoryURL = "https://github.com/googlemaps/ios-maps-sdk";
			requirement = {
				kind = exactVersion;
				version = 10.15.0;
			};
		};
/* End XCRemoteSwiftPackageReference section */

/* Begin XCSwiftPackageProductDependency section */
		AB0000000000000000000002 /* GoogleMaps */ = {
			isa = XCSwiftPackageProductDependency;
			package = AB0000000000000000000001 /* XCRemoteSwiftPackageReference "ios-maps-sdk" */;
			productName = GoogleMaps;
		};
/* End XCSwiftPackageProductDependency section */

	};
	rootObject = A60000000000000000000001 /* Project object */;
}
